
Microsoft Visual Studio Solution File, Format Version 12.00
# Visual Studio 15
VisualStudioVersion = 15.0.27703.2042
MinimumVisualStudioVersion = 10.0.40219.1
Project("{FAE04EC0-301F-11D3-BF4B-00C04F79EFBC}") = "Prestamos", "WebApplication3\Prestamos.csproj", "{979B85BE-D31F-41AB-AD0E-1F945A66AA99}"
EndProject
Global
	GlobalSection(SolutionConfigurationPlatforms) = preSolution
		Debug|Any CPU = Debug|Any CPU
		Release|Any CPU = Release|Any CPU
	EndGlobalSection
	GlobalSection(ProjectConfigurationPlatforms) = postSolution
		{979B85BE-D31F-41AB-AD0E-1F945A66AA99}.Debug|Any CPU.ActiveCfg = Debug|Any CPU
		{979B85BE-D31F-41AB-AD0E-1F945A66AA99}.Debug|Any CPU.Build.0 = Debug|Any CPU
		{979B85BE-D31F-41AB-AD0E-1F945A66AA99}.Release|Any CPU.ActiveCfg = Release|Any CPU
		{979B85BE-D31F-41AB-AD0E-1F945A66AA99}.Release|Any CPU.Build.0 = Release|Any CPU
	EndGlobalSection
	GlobalSection(SolutionProperties) = preSolution
		HideSolutionNode = FALSE
	EndGlobalSection
	GlobalSection(ExtensibilityGlobals) = postSolution
		SolutionGuid = {A54C93E4-ABD8-4171-A94D-9E1EE3D7058A}
	EndGlobalSection
EndGlobal
